
Microsoft Visual Studio Solution File, Format Version 12.00
# Visual Studio Version 17
VisualStudioVersion = 17.14.36518.9 d17.14
MinimumVisualStudioVersion = 10.0.40219.1
Project("{FAE04EC0-301F-11D3-BF4B-00C04F79EFBC}") = "WebApplication1", "WebApplication1\WebApplication1.csproj", "{D88ABF02-3796-4559-88EE-CB1A053837A7}"
EndProject
Global
	GlobalSection(SolutionConfigurationPlatforms) = preSolution
		Debug|Any CPU = Debug|Any CPU
		Release|Any CPU = Release|Any CPU
	EndGlobalSection
	GlobalSection(ProjectConfigurationPlatforms) = postSolution
		{D88ABF02-3796-4559-88EE-CB1A053837A7}.Debug|Any CPU.ActiveCfg = Debug|Any CPU
		{D88ABF02-3796-4559-88EE-CB1A053837A7}.Debug|Any CPU.Build.0 = Debug|Any CPU
		{D88ABF02-3796-4559-88EE-CB1A053837A7}.Release|Any CPU.ActiveCfg = Release|Any CPU
		{D88ABF02-3796-4559-88EE-CB1A053837A7}.Release|Any CPU.Build.0 = Release|Any CPU
	EndGlobalSection
	GlobalSection(SolutionProperties) = preSolution
		HideSolutionNode = FALSE
	EndGlobalSection
	GlobalSection(ExtensibilityGlobals) = postSolution
		SolutionGuid = {D413FDD7-05B5-4E03-8386-75E19B61FC40}
	EndGlobalSection
EndGlobal
